// !$*UTF8*$!
{
	archiveVersion = 1;
	classes = {
	};
	objectVersion = 46;
	objects = {

/* Begin PBXBuildFile section */
		2212A028180D8BD800962CCB /* Foundation.framework in Frameworks */ = {isa = PBXBuildFile; fileRef = 2212A027180D8BD800962CCB /* Foundation.framework */; };
		2212A02A180D8BD800962CCB /* CoreGraphics.framework in Frameworks */ = {isa = PBXBuildFile; fileRef = 2212A029180D8BD800962CCB /* CoreGraphics.framework */; };
		2212A02C180D8BD900962CCB /* UIKit.framework in Frameworks */ = {isa = PBXBuildFile; fileRef = 2212A02B180D8BD900962CCB /* UIKit.framework */; };
		2212A032180D8BD900962CCB /* InfoPlist.strings in Resources */ = {isa = PBXBuildFile; fileRef = 2212A030180D8BD900962CCB /* InfoPlist.strings */; };
		2212A034180D8BD900962CCB /* main.m in Sources */ = {isa = PBXBuildFile; fileRef = 2212A033180D8BD900962CCB /* main.m */; };
		2212A038180D8BD900962CCB /* WTAAppDelegate.m in Sources */ = {isa = PBXBuildFile; fileRef = 2212A037180D8BD900962CCB /* WTAAppDelegate.m */; };
		2212A03A180D8BD900962CCB /* Images.xcassets in Resources */ = {isa = PBXBuildFile; fileRef = 2212A039180D8BD900962CCB /* Images.xcassets */; };
		2212A041180D8BD900962CCB /* XCTest.framework in Frameworks */ = {isa = PBXBuildFile; fileRef = 2212A040180D8BD900962CCB /* XCTest.framework */; };
		2212A042180D8BD900962CCB /* Foundation.framework in Frameworks */ = {isa = PBXBuildFile; fileRef = 2212A027180D8BD800962CCB /* Foundation.framework */; };
		2212A043180D8BD900962CCB /* UIKit.framework in Frameworks */ = {isa = PBXBuildFile; fileRef = 2212A02B180D8BD900962CCB /* UIKit.framework */; };
		2212A04B180D8BD900962CCB /* InfoPlist.strings in Resources */ = {isa = PBXBuildFile; fileRef = 2212A049180D8BD900962CCB /* InfoPlist.strings */; };
		2212A04D180D8BD900962CCB /* WTCURLStringBuilderTests.m in Sources */ = {isa = PBXBuildFile; fileRef = 2212A04C180D8BD900962CCB /* WTCURLStringBuilderTests.m */; };
		22B615E2180DE71A00445C31 /* WTACURLStringFromURLRequest.m in Sources */ = {isa = PBXBuildFile; fileRef = 22B615E1180DE71A00445C31 /* WTACURLStringFromURLRequest.m */; };
/* End PBXBuildFile section */

/* Begin PBXContainerItemProxy section */
		2212A044180D8BD900962CCB /* PBXContainerItemProxy */ = {
			isa = PBXContainerItemProxy;
			containerPortal = 2212A01C180D8BD800962CCB /* Project object */;
			proxyType = 1;
			remoteGlobalIDString = 2212A023180D8BD800962CCB;
			remoteInfo = WTCURLStringBuilder;
		};
/* End PBXContainerItemProxy section */

/* Begin PBXFileReference section */
		2212A024180D8BD800962CCB /* WTCURLStringBuilder.app */ = {isa = PBXFileReference; explicitFileType = wrapper.application; includeInIndex = 0; path = WTCURLStringBuilder.app; sourceTree = BUILT_PRODUCTS_DIR; };
		2212A027180D8BD800962CCB /* Foundation.framework */ = {isa = PBXFileReference; lastKnownFileType = wrapper.framework; name = Foundation.framework; path = System/Library/Frameworks/Foundation.framework; sourceTree = SDKROOT; };
		2212A029180D8BD800962CCB /* CoreGraphics.framework */ = {isa = PBXFileReference; lastKnownFileType = wrapper.framework; name = CoreGraphics.framework; path = System/Library/Frameworks/CoreGraphics.framework; sourceTree = SDKROOT; };
		2212A02B180D8BD900962CCB /* UIKit.framework */ = {isa = PBXFileReference; lastKnownFileType = wrapper.framework; name = UIKit.framework; path = System/Library/Frameworks/UIKit.framework; sourceTree = SDKROOT; };
		2212A02F180D8BD900962CCB /* WTCURLStringBuilder-Info.plist */ = {isa = PBXFileReference; lastKnownFileType = text.plist.xml; path = "WTCURLStringBuilder-Info.plist"; sourceTree = "<group>"; };
		2212A031180D8BD900962CCB /* en */ = {isa = PBXFileReference; lastKnownFileType = text.plist.strings; name = en; path = en.lproj/InfoPlist.strings; sourceTree = "<group>"; };
		2212A033180D8BD900962CCB /* main.m */ = {isa = PBXFileReference; lastKnownFileType = sourcecode.c.objc; path = main.m; sourceTree = "<group>"; };
		2212A035180D8BD900962CCB /* WTCURLStringBuilder-Prefix.pch */ = {isa = PBXFileReference; lastKnownFileType = sourcecode.c.h; path = "WTCURLStringBuilder-Prefix.pch"; sourceTree = "<group>"; };
		2212A036180D8BD900962CCB /* WTAAppDelegate.h */ = {isa = PBXFileReference; lastKnownFileType = sourcecode.c.h; path = WTAAppDelegate.h; sourceTree = "<group>"; };
		2212A037180D8BD900962CCB /* WTAAppDelegate.m */ = {isa = PBXFileReference; lastKnownFileType = sourcecode.c.objc; path = WTAAppDelegate.m; sourceTree = "<group>"; };
		2212A039180D8BD900962CCB /* Images.xcassets */ = {isa = PBXFileReference; lastKnownFileType = folder.assetcatalog; path = Images.xcassets; sourceTree = "<group>"; };
		2212A03F180D8BD900962CCB /* WTCURLStringBuilderTests.xctest */ = {isa = PBXFileReference; explicitFileType = wrapper.cfbundle; includeInIndex = 0; path = WTCURLStringBuilderTests.xctest; sourceTree = BUILT_PRODUCTS_DIR; };
		2212A040180D8BD900962CCB /* XCTest.framework */ = {isa = PBXFileReference; lastKnownFileType = wrapper.framework; name = XCTest.framework; path = Library/Frameworks/XCTest.framework; sourceTree = DEVELOPER_DIR; };
		2212A048180D8BD900962CCB /* WTCURLStringBuilderTests-Info.plist */ = {isa = PBXFileReference; lastKnownFileType = text.plist.xml; path = "WTCURLStringBuilderTests-Info.plist"; sourceTree = "<group>"; };
		2212A04A180D8BD900962CCB /* en */ = {isa = PBXFileReference; lastKnownFileType = text.plist.strings; name = en; path = en.lproj/InfoPlist.strings; sourceTree = "<group>"; };
		2212A04C180D8BD900962CCB /* WTCURLStringBuilderTests.m */ = {isa = PBXFileReference; lastKnownFileType = sourcecode.c.objc; path = WTCURLStringBuilderTests.m; sourceTree = "<group>"; };
		22B615E0180DE71A00445C31 /* WTACURLStringFromURLRequest.h */ = {isa = PBXFileReference; fileEncoding = 4; lastKnownFileType = sourcecode.c.h; name = WTACURLStringFromURLRequest.h; path = Classes/WTACURLStringFromURLRequest.h; sourceTree = SOURCE_ROOT; };
		22B615E1180DE71A00445C31 /* WTACURLStringFromURLRequest.m */ = {isa = PBXFileReference; fileEncoding = 4; lastKnownFileType = sourcecode.c.objc; name = WTACURLStringFromURLRequest.m; path = Classes/WTACURLStringFromURLRequest.m; sourceTree = SOURCE_ROOT; };
		22EC26AC180DB62100011F47 /* WTACURLStringFromURLRequest_private.h */ = {isa = PBXFileReference; fileEncoding = 4; lastKnownFileType = sourcecode.c.h; path = WTACURLStringFromURLRequest_private.h; sourceTree = "<group>"; };
/* End PBXFileReference section */

/* Begin PBXFrameworksBuildPhase section */
		2212A021180D8BD800962CCB /* Frameworks */ = {
			isa = PBXFrameworksBuildPhase;
			buildActionMask = 2147483647;
			files = (
				2212A02A180D8BD800962CCB /* CoreGraphics.framework in Frameworks */,
				2212A02C180D8BD900962CCB /* UIKit.framework in Frameworks */,
				2212A028180D8BD800962CCB /* Foundation.framework in Frameworks */,
			);
			runOnlyForDeploymentPostprocessing = 0;
		};
		2212A03C180D8BD900962CCB /* Frameworks */ = {
			isa = PBXFrameworksBuildPhase;
			buildActionMask = 2147483647;
			files = (
				2212A041180D8BD900962CCB /* XCTest.framework in Frameworks */,
				2212A043180D8BD900962CCB /* UIKit.framework in Frameworks */,
				2212A042180D8BD900962CCB /* Foundation.framework in Frameworks */,
			);
			runOnlyForDeploymentPostprocessing = 0;
		};
/* End PBXFrameworksBuildPhase section */

/* Begin PBXGroup section */
		2212A01B180D8BD800962CCB = {
			isa = PBXGroup;
			children = (
				2212A02D180D8BD900962CCB /* WTCURLStringBuilder */,
				2212A046180D8BD900962CCB /* WTCURLStringBuilderTests */,
				2212A026180D8BD800962CCB /* Frameworks */,
				2212A025180D8BD800962CCB /* Products */,
			);
			sourceTree = "<group>";
		};
		2212A025180D8BD800962CCB /* Products */ = {
			isa = PBXGroup;
			children = (
				2212A024180D8BD800962CCB /* WTCURLStringBuilder.app */,
				2212A03F180D8BD900962CCB /* WTCURLStringBuilderTests.xctest */,
			);
			name = Products;
			sourceTree = "<group>";
		};
		2212A026180D8BD800962CCB /* Frameworks */ = {
			isa = PBXGroup;
			children = (
				2212A027180D8BD800962CCB /* Foundation.framework */,
				2212A029180D8BD800962CCB /* CoreGraphics.framework */,
				2212A02B180D8BD900962CCB /* UIKit.framework */,
				2212A040180D8BD900962CCB /* XCTest.framework */,
			);
			name = Frameworks;
			sourceTree = "<group>";
		};
		2212A02D180D8BD900962CCB /* WTCURLStringBuilder */ = {
			isa = PBXGroup;
			children = (
				22F8C114180D8C0B00490A16 /* WTACURLStringFromURLRequest */,
				22F8C113180D8C0100490A16 /* WTAAppDelegate */,
				2212A039180D8BD900962CCB /* Images.xcassets */,
				2212A02E180D8BD900962CCB /* Supporting Files */,
			);
			path = WTCURLStringBuilder;
			sourceTree = "<group>";
		};
		2212A02E180D8BD900962CCB /* Supporting Files */ = {
			isa = PBXGroup;
			children = (
				2212A02F180D8BD900962CCB /* WTCURLStringBuilder-Info.plist */,
				2212A030180D8BD900962CCB /* InfoPlist.strings */,
				2212A033180D8BD900962CCB /* main.m */,
				2212A035180D8BD900962CCB /* WTCURLStringBuilder-Prefix.pch */,
			);
			name = "Supporting Files";
			sourceTree = "<group>";
		};
		2212A046180D8BD900962CCB /* WTCURLStringBuilderTests */ = {
			isa = PBXGroup;
			children = (
				2212A04C180D8BD900962CCB /* WTCURLStringBuilderTests.m */,
				2212A047180D8BD900962CCB /* Supporting Files */,
			);
			path = WTCURLStringBuilderTests;
			sourceTree = "<group>";
		};
		2212A047180D8BD900962CCB /* Supporting Files */ = {
			isa = PBXGroup;
			children = (
				2212A048180D8BD900962CCB /* WTCURLStringBuilderTests-Info.plist */,
				2212A049180D8BD900962CCB /* InfoPlist.strings */,
			);
			name = "Supporting Files";
			sourceTree = "<group>";
		};
		22F8C113180D8C0100490A16 /* WTAAppDelegate */ = {
			isa = PBXGroup;
			children = (
				2212A036180D8BD900962CCB /* WTAAppDelegate.h */,
				2212A037180D8BD900962CCB /* WTAAppDelegate.m */,
			);
			name = WTAAppDelegate;
			sourceTree = "<group>";
		};
		22F8C114180D8C0B00490A16 /* WTACURLStringFromURLRequest */ = {
			isa = PBXGroup;
			children = (
				22B615E0180DE71A00445C31 /* WTACURLStringFromURLRequest.h */,
				22B615E1180DE71A00445C31 /* WTACURLStringFromURLRequest.m */,
				22EC26AC180DB62100011F47 /* WTACURLStringFromURLRequest_private.h */,
			);
			name = WTACURLStringFromURLRequest;
			sourceTree = "<group>";
		};
/* End PBXGroup section */

/* Begin PBXNativeTarget section */
		2212A023180D8BD800962CCB /* WTCURLStringBuilder */ = {
			isa = PBXNativeTarget;
			buildConfigurationList = 2212A050180D8BD900962CCB /* Build configuration list for PBXNativeTarget "WTCURLStringBuilder" */;
			buildPhases = (
				2212A020180D8BD800962CCB /* Sources */,
				2212A021180D8BD800962CCB /* Frameworks */,
				2212A022180D8BD800962CCB /* Resources */,
			);
			buildRules = (
			);
			dependencies = (
			);
			name = WTCURLStringBuilder;
			productName = WTCURLStringBuilder;
			productReference = 2212A024180D8BD800962CCB /* WTCURLStringBuilder.app */;
			productType = "com.apple.product-type.application";
		};
		2212A03E180D8BD900962CCB /* WTCURLStringBuilderTests */ = {
			isa = PBXNativeTarget;
			buildConfigurationList = 2212A053180D8BD900962CCB /* Build configuration list for PBXNativeTarget "WTCURLStringBuilderTests" */;
			buildPhases = (
				2212A03B180D8BD900962CCB /* Sources */,
				2212A03C180D8BD900962CCB /* Frameworks */,
				2212A03D180D8BD900962CCB /* Resources */,
			);
			buildRules = (
			);
			dependencies = (
				2212A045180D8BD900962CCB /* PBXTargetDependency */,
			);
			name = WTCURLStringBuilderTests;
			productName = WTCURLStringBuilderTests;
			productReference = 2212A03F180D8BD900962CCB /* WTCURLStringBuilderTests.xctest */;
			productType = "com.apple.product-type.bundle.unit-test";
		};
/* End PBXNativeTarget section */

/* Begin PBXProject section */
		2212A01C180D8BD800962CCB /* Project object */ = {
			isa = PBXProject;
			attributes = {
				CLASSPREFIX = WTA;
				LastUpgradeCheck = 0500;
				ORGANIZATIONNAME = "WillowTree Apps";
				TargetAttributes = {
					2212A03E180D8BD900962CCB = {
						TestTargetID = 2212A023180D8BD800962CCB;
					};
				};
			};
			buildConfigurationList = 2212A01F180D8BD800962CCB /* Build configuration list for PBXProject "WTCURLStringBuilder" */;
			compatibilityVersion = "Xcode 3.2";
			developmentRegion = English;
			hasScannedForEncodings = 0;
			knownRegions = (
				en,
			);
			mainGroup = 2212A01B180D8BD800962CCB;
			productRefGroup = 2212A025180D8BD800962CCB /* Products */;
			projectDirPath = "";
			projectRoot = "";
			targets = (
				2212A023180D8BD800962CCB /* WTCURLStringBuilder */,
				2212A03E180D8BD900962CCB /* WTCURLStringBuilderTests */,
			);
		};
/* End PBXProject section */

/* Begin PBXResourcesBuildPhase section */
		2212A022180D8BD800962CCB /* Resources */ = {
			isa = PBXResourcesBuildPhase;
			buildActionMask = 2147483647;
			files = (
				2212A032180D8BD900962CCB /* InfoPlist.strings in Resources */,
				2212A03A180D8BD900962CCB /* Images.xcassets in Resources */,
			);
			runOnlyForDeploymentPostprocessing = 0;
		};
		2212A03D180D8BD900962CCB /* Resources */ = {
			isa = PBXResourcesBuildPhase;
			buildActionMask = 2147483647;
			files = (
				2212A04B180D8BD900962CCB /* InfoPlist.strings in Resources */,
			);
			runOnlyForDeploymentPostprocessing = 0;
		};
/* End PBXResourcesBuildPhase section */

/* Begin PBXSourcesBuildPhase section */
		2212A020180D8BD800962CCB /* Sources */ = {
			isa = PBXSourcesBuildPhase;
			buildActionMask = 2147483647;
			files = (
				2212A034180D8BD900962CCB /* main.m in Sources */,
				2212A038180D8BD900962CCB /* WTAAppDelegate.m in Sources */,
				22B615E2180DE71A00445C31 /* WTACURLStringFromURLRequest.m in Sources */,
			);
			runOnlyForDeploymentPostprocessing = 0;
		};
		2212A03B180D8BD900962CCB /* Sources */ = {
			isa = PBXSourcesBuildPhase;
			buildActionMask = 2147483647;
			files = (
				2212A04D180D8BD900962CCB /* WTCURLStringBuilderTests.m in Sources */,
			);
			runOnlyForDeploymentPostprocessing = 0;
		};
/* End PBXSourcesBuildPhase section */

/* Begin PBXTargetDependency section */
		2212A045180D8BD900962CCB /* PBXTargetDependency */ = {
			isa = PBXTargetDependency;
			target = 2212A023180D8BD800962CCB /* WTCURLStringBuilder */;
			targetProxy = 2212A044180D8BD900962CCB /* PBXContainerItemProxy */;
		};
/* End PBXTargetDependency section */

/* Begin PBXVariantGroup section */
		2212A030180D8BD900962CCB /* InfoPlist.strings */ = {
			isa = PBXVariantGroup;
			children = (
				2212A031180D8BD900962CCB /* en */,
			);
			name = InfoPlist.strings;
			sourceTree = "<group>";
		};
		2212A049180D8BD900962CCB /* InfoPlist.strings */ = {
			isa = PBXVariantGroup;
			children = (
				2212A04A180D8BD900962CCB /* en */,
			);
			name = InfoPlist.strings;
			sourceTree = "<group>";
		};
/* End PBXVariantGroup section */

/* Begin XCBuildConfiguration section */
		2212A04E180D8BD900962CCB /* Debug */ = {
			isa = XCBuildConfiguration;
			buildSettings = {
				ALWAYS_SEARCH_USER_PATHS = NO;
				ARCHS = "$(ARCHS_STANDARD_INCLUDING_64_BIT)";
				CLANG_CXX_LANGUAGE_STANDARD = "gnu++0x";
				CLANG_CXX_LIBRARY = "libc++";
				CLANG_ENABLE_MODULES = YES;
				CLANG_ENABLE_OBJC_ARC = YES;
				CLANG_WARN_BOOL_CONVERSION = YES;
				CLANG_WARN_CONSTANT_CONVERSION = YES;
				CLANG_WARN_DIRECT_OBJC_ISA_USAGE = YES_ERROR;
				CLANG_WARN_EMPTY_BODY = YES;
				CLANG_WARN_ENUM_CONVERSION = YES;
				CLANG_WARN_INT_CONVERSION = YES;
				CLANG_WARN_OBJC_ROOT_CLASS = YES_ERROR;
				CLANG_WARN__DUPLICATE_METHOD_MATCH = YES;
				"CODE_SIGN_IDENTITY[sdk=iphoneos*]" = "iPhone Developer";
				COPY_PHASE_STRIP = NO;
				GCC_C_LANGUAGE_STANDARD = gnu99;
				GCC_DYNAMIC_NO_PIC = NO;
				GCC_OPTIMIZATION_LEVEL = 0;
				GCC_PREPROCESSOR_DEFINITIONS = (
					"DEBUG=1",
					"$(inherited)",
				);
				GCC_SYMBOLS_PRIVATE_EXTERN = NO;
				GCC_WARN_64_TO_32_BIT_CONVERSION = YES;
				GCC_WARN_ABOUT_RETURN_TYPE = YES_ERROR;
				GCC_WARN_UNDECLARED_SELECTOR = YES;
				GCC_WARN_UNINITIALIZED_AUTOS = YES;
				GCC_WARN_UNUSED_FUNCTION = YES;
				GCC_WARN_UNUSED_VARIABLE = YES;
				IPHONEOS_DEPLOYMENT_TARGET = 7.0;
				ONLY_ACTIVE_ARCH = YES;
				SDKROOT = iphoneos;
				TARGETED_DEVICE_FAMILY = "1,2";
			};
			name = Debug;
		};
		2212A04F180D8BD900962CCB /* Release */ = {
			isa = XCBuildConfiguration;
			buildSettings = {
				ALWAYS_SEARCH_USER_PATHS = NO;
				ARCHS = "$(ARCHS_STANDARD_INCLUDING_64_BIT)";
				CLANG_CXX_LANGUAGE_STANDARD = "gnu++0x";
				CLANG_CXX_LIBRARY = "libc++";
				CLANG_ENABLE_MODULES = YES;
				CLANG_ENABLE_OBJC_ARC = YES;
				CLANG_WARN_BOOL_CONVERSION = YES;
				CLANG_WARN_CONSTANT_CONVERSION = YES;
				CLANG_WARN_DIRECT_OBJC_ISA_USAGE = YES_ERROR;
				CLANG_WARN_EMPTY_BODY = YES;
				CLANG_WARN_ENUM_CONVERSION = YES;
				CLANG_WARN_INT_CONVERSION = YES;
				CLANG_WARN_OBJC_ROOT_CLASS = YES_ERROR;
				CLANG_WARN__DUPLICATE_METHOD_MATCH = YES;
				"CODE_SIGN_IDENTITY[sdk=iphoneos*]" = "iPhone Developer";
				COPY_PHASE_STRIP = YES;
				ENABLE_NS_ASSERTIONS = NO;
				GCC_C_LANGUAGE_STANDARD = gnu99;
				GCC_WARN_64_TO_32_BIT_CONVERSION = YES;
				GCC_WARN_ABOUT_RETURN_TYPE = YES_ERROR;
				GCC_WARN_UNDECLARED_SELECTOR = YES;
				GCC_WARN_UNINITIALIZED_AUTOS = YES;
				GCC_WARN_UNUSED_FUNCTION = YES;
				GCC_WARN_UNUSED_VARIABLE = YES;
				IPHONEOS_DEPLOYMENT_TARGET = 7.0;
				SDKROOT = iphoneos;
				TARGETED_DEVICE_FAMILY = "1,2";
				VALIDATE_PRODUCT = YES;
			};
			name = Release;
		};
		2212A051180D8BD900962CCB /* Debug */ = {
			isa = XCBuildConfiguration;
			buildSettings = {
				ASSETCATALOG_COMPILER_APPICON_NAME = AppIcon;
				ASSETCATALOG_COMPILER_LAUNCHIMAGE_NAME = LaunchImage;
				GCC_GENERATE_TEST_COVERAGE_FILES = YES;
				GCC_INSTRUMENT_PROGRAM_FLOW_ARCS = YES;
				GCC_PRECOMPILE_PREFIX_HEADER = YES;
				GCC_PREFIX_HEADER = "WTCURLStringBuilder/WTCURLStringBuilder-Prefix.pch";
				INFOPLIST_FILE = "WTCURLStringBuilder/WTCURLStringBuilder-Info.plist";
				PRODUCT_NAME = "$(TARGET_NAME)";
				WRAPPER_EXTENSION = app;
			};
			name = Debug;
		};
		2212A052180D8BD900962CCB /* Release */ = {
			isa = XCBuildConfiguration;
			buildSettings = {
				ASSETCATALOG_COMPILER_APPICON_NAME = AppIcon;
				ASSETCATALOG_COMPILER_LAUNCHIMAGE_NAME = LaunchImage;
				GCC_GENERATE_TEST_COVERAGE_FILES = YES;
				GCC_INSTRUMENT_PROGRAM_FLOW_ARCS = YES;
				GCC_PRECOMPILE_PREFIX_HEADER = YES;
				GCC_PREFIX_HEADER = "WTCURLStringBuilder/WTCURLStringBuilder-Prefix.pch";
				INFOPLIST_FILE = "WTCURLStringBuilder/WTCURLStringBuilder-Info.plist";
				PRODUCT_NAME = "$(TARGET_NAME)";
				WRAPPER_EXTENSION = app;
			};
			name = Release;
		};
		2212A054180D8BD900962CCB /* Debug */ = {
			isa = XCBuildConfiguration;
			buildSettings = {
				ARCHS = "$(ARCHS_STANDARD_INCLUDING_64_BIT)";
				BUNDLE_LOADER = "$(BUILT_PRODUCTS_DIR)/WTCURLStringBuilder.app/WTCURLStringBuilder";
				FRAMEWORK_SEARCH_PATHS = (
					"$(SDKROOT)/Developer/Library/Frameworks",
					"$(inherited)",
					"$(DEVELOPER_FRAMEWORKS_DIR)",
				);
				GCC_PRECOMPILE_PREFIX_HEADER = YES;
				GCC_PREFIX_HEADER = "WTCURLStringBuilder/WTCURLStringBuilder-Prefix.pch";
				GCC_PREPROCESSOR_DEFINITIONS = (
					"DEBUG=1",
					"$(inherited)",
				);
				INFOPLIST_FILE = "WTCURLStringBuilderTests/WTCURLStringBuilderTests-Info.plist";
				PRODUCT_NAME = "$(TARGET_NAME)";
				TEST_HOST = "$(BUNDLE_LOADER)";
				WRAPPER_EXTENSION = xctest;
			};
			name = Debug;
		};
		2212A055180D8BD900962CCB /* Release */ = {
			isa = XCBuildConfiguration;
			buildSettings = {
				ARCHS = "$(ARCHS_STANDARD_INCLUDING_64_BIT)";
				BUNDLE_LOADER = "$(BUILT_PRODUCTS_DIR)/WTCURLStringBuilder.app/WTCURLStringBuilder";
				FRAMEWORK_SEARCH_PATHS = (
					"$(SDKROOT)/Developer/Library/Frameworks",
					"$(inherited)",
					"$(DEVELOPER_FRAMEWORKS_DIR)",
				);
				GCC_PRECOMPILE_PREFIX_HEADER = YES;
				GCC_PREFIX_HEADER = "WTCURLStringBuilder/WTCURLStringBuilder-Prefix.pch";
				INFOPLIST_FILE = "WTCURLStringBuilderTests/WTCURLStringBuilderTests-Info.plist";
				PRODUCT_NAME = "$(TARGET_NAME)";
				TEST_HOST = "$(BUNDLE_LOADER)";
				WRAPPER_EXTENSION = xctest;
			};
			name = Release;
		};
/* End XCBuildConfiguration section */

/* Begin XCConfigurationList section */
		2212A01F180D8BD800962CCB /* Build configuration list for PBXProject "WTCURLStringBuilder" */ = {
			isa = XCConfigurationList;
			buildConfigurations = (
				2212A04E180D8BD900962CCB /* Debug */,
				2212A04F180D8BD900962CCB /* Release */,
			);
			defaultConfigurationIsVisible = 0;
			defaultConfigurationName = Release;
		};
		2212A050180D8BD900962CCB /* Build configuration list for PBXNativeTarget "WTCURLStringBuilder" */ = {
			isa = XCConfigurationList;
			buildConfigurations = (
				2212A051180D8BD900962CCB /* Debug */,
				2212A052180D8BD900962CCB /* Release */,
			);
			defaultConfigurationIsVisible = 0;
			defaultConfigurationName = Release;
		};
		2212A053180D8BD900962CCB /* Build configuration list for PBXNativeTarget "WTCURLStringBuilderTests" */ = {
			isa = XCConfigurationList;
			buildConfigurations = (
				2212A054180D8BD900962CCB /* Debug */,
				2212A055180D8BD900962CCB /* Release */,
			);
			defaultConfigurationIsVisible = 0;
			defaultConfigurationName = Release;
		};
/* End XCConfigurationList section */
	};
	rootObject = 2212A01C180D8BD800962CCB /* Project object */;
}
